
Microsoft Visual Studio Solution File, Format Version 12.00
# Visual Studio Version 16
VisualStudioVersion = 16.0.31229.75
MinimumVisualStudioVersion = 10.0.40219.1
Project("{FAE04EC0-301F-11D3-BF4B-00C04F79EFBC}") = "MichalCelinksiLab6ZadanieDomowe", "MichalCelinksiLab6ZadanieDomowe\MichalCelinksiLab6ZadanieDomowe.csproj", "{CB2C3EEC-7F5F-4D96-AC6C-4C6B49305739}"
EndProject
Global
	GlobalSection(SolutionConfigurationPlatforms) = preSolution
		Debug|Any CPU = Debug|Any CPU
		Release|Any CPU = Release|Any CPU
	EndGlobalSection
	GlobalSection(ProjectConfigurationPlatforms) = postSolution
		{CB2C3EEC-7F5F-4D96-AC6C-4C6B49305739}.Debug|Any CPU.ActiveCfg = Debug|Any CPU
		{CB2C3EEC-7F5F-4D96-AC6C-4C6B49305739}.Debug|Any CPU.Build.0 = Debug|Any CPU
		{CB2C3EEC-7F5F-4D96-AC6C-4C6B49305739}.Release|Any CPU.ActiveCfg = Release|Any CPU
		{CB2C3EEC-7F5F-4D96-AC6C-4C6B49305739}.Release|Any CPU.Build.0 = Release|Any CPU
	EndGlobalSection
	GlobalSection(SolutionProperties) = preSolution
		HideSolutionNode = FALSE
	EndGlobalSection
	GlobalSection(ExtensibilityGlobals) = postSolution
		SolutionGuid = {0FFE1B20-ABBA-4B7E-BA17-2F8541033546}
	EndGlobalSection
EndGlobal
